Microsoft Visual Studio Solution File, Format Version 12.00
# Visual Studio Version 17
VisualStudioVersion = 17.5.2.0
MinimumVisualStudioVersion = 10.0.40219.1
Project("{FAE04EC0-301F-11D3-BF4B-00C04F79EFBC}") = "ENSemanCe", "ENSemanCe.csproj", "{5F9F7E09-7679-7AAA-F5A8-B75DA98762FA}"
EndProject
Global
	GlobalSection(SolutionConfigurationPlatforms) = preSolution
		Debug|Any CPU = Debug|Any CPU
		Release|Any CPU = Release|Any CPU
	EndGlobalSection
	GlobalSection(ProjectConfigurationPlatforms) = postSolution
		{5F9F7E09-7679-7AAA-F5A8-B75DA98762FA}.Debug|Any CPU.ActiveCfg = Debug|Any CPU
		{5F9F7E09-7679-7AAA-F5A8-B75DA98762FA}.Debug|Any CPU.Build.0 = Debug|Any CPU
		{5F9F7E09-7679-7AAA-F5A8-B75DA98762FA}.Release|Any CPU.ActiveCfg = Release|Any CPU
		{5F9F7E09-7679-7AAA-F5A8-B75DA98762FA}.Release|Any CPU.Build.0 = Release|Any CPU
	EndGlobalSection
	GlobalSection(SolutionProperties) = preSolution
		HideSolutionNode = FALSE
	EndGlobalSection
	GlobalSection(ExtensibilityGlobals) = postSolution
		SolutionGuid = {58A5BD5C-7780-4E18-8A8B-C3CCCC157F1A}
	EndGlobalSection
EndGlobal
